// !$*UTF8*$!
{
	archiveVersion = 1;
	classes = {
	};
	objectVersion = 48;
	objects = {

/* Begin PBXBuildFile section */
		BC588CAE1FA9261D003E8C15 /* ADC.c in Sources */ = {isa = PBXBuildFile; fileRef = BC588CAD1FA9261D003E8C15 /* ADC.c */; };
		BC933A1B1FAA8C7000476F3F /* 25LC1024.c in Sources */ = {isa = PBXBuildFile; fileRef = BC933A1A1FAA8C7000476F3F /* 25LC1024.c */; };
		BC93ECA51FA4F5F200AD7504 /* main.c in Sources */ = {isa = PBXBuildFile; fileRef = BC93ECA41FA4F5F200AD7504 /* main.c */; };
		BC93ECBD1FA4F98500AD7504 /* serial0.c in Sources */ = {isa = PBXBuildFile; fileRef = BC93ECBC1FA4F98500AD7504 /* serial0.c */; };
		BC93ECC01FA4F9A700AD7504 /* menu.c in Sources */ = {isa = PBXBuildFile; fileRef = BC93ECBF1FA4F9A700AD7504 /* menu.c */; };
		BC93ECC51FA4FA0100AD7504 /* menu_data.c in Sources */ = {isa = PBXBuildFile; fileRef = BC93ECC41FA4FA0100AD7504 /* menu_data.c */; };
		BC93ECC81FA4FA1400AD7504 /* I2C.c in Sources */ = {isa = PBXBuildFile; fileRef = BC93ECC71FA4FA1400AD7504 /* I2C.c */; };
		BC93ECCB1FA4FA3200AD7504 /* serial1.c in Sources */ = {isa = PBXBuildFile; fileRef = BC93ECCA1FA4FA3200AD7504 /* serial1.c */; };
		BC93ECCE1FA4FA5100AD7504 /* SPI.c in Sources */ = {isa = PBXBuildFile; fileRef = BC93ECCD1FA4FA5100AD7504 /* SPI.c */; };
		BC93ECD21FA4FA7E00AD7504 /* XBee.c in Sources */ = {isa = PBXBuildFile; fileRef = BC93ECD11FA4FA7E00AD7504 /* XBee.c */; };
		BC93ECD51FA4FC0700AD7504 /* MPL3115A2.c in Sources */ = {isa = PBXBuildFile; fileRef = BC93ECD41FA4FC0700AD7504 /* MPL3115A2.c */; };
		BC93ECDA1FA4FC5300AD7504 /* ADXL343.c in Sources */ = {isa = PBXBuildFile; fileRef = BC93ECD91FA4FC5300AD7504 /* ADXL343.c */; };
		BC93ECDF1FA4FC7500AD7504 /* FXAS21002C.c in Sources */ = {isa = PBXBuildFile; fileRef = BC93ECDE1FA4FC7500AD7504 /* FXAS21002C.c */; };
		BC93ECE21FA4FC9700AD7504 /* FGPMMOPA6H.c in Sources */ = {isa = PBXBuildFile; fileRef = BC93ECE11FA4FC9700AD7504 /* FGPMMOPA6H.c */; };
		BCD115261FAD48AC00AC1997 /* Telemetry.c in Sources */ = {isa = PBXBuildFile; fileRef = BCD115251FAD48AC00AC1997 /* Telemetry.c */; };
		BCD1152C1FAD494B00AC1997 /* Radio.c in Sources */ = {isa = PBXBuildFile; fileRef = BCD1152B1FAD494B00AC1997 /* Radio.c */; };
/* End PBXBuildFile section */

/* Begin PBXFileReference section */
		BC588CAC1FA9261D003E8C15 /* ADC.h */ = {isa = PBXFileReference; lastKnownFileType = sourcecode.c.h; path = ADC.h; sourceTree = "<group>"; };
		BC588CAD1FA9261D003E8C15 /* ADC.c */ = {isa = PBXFileReference; lastKnownFileType = sourcecode.c.c; path = ADC.c; sourceTree = "<group>"; };
		BC933A191FAA8C7000476F3F /* 25LC1024.h */ = {isa = PBXFileReference; lastKnownFileType = sourcecode.c.h; path = 25LC1024.h; sourceTree = "<group>"; };
		BC933A1A1FAA8C7000476F3F /* 25LC1024.c */ = {isa = PBXFileReference; lastKnownFileType = sourcecode.c.c; path = 25LC1024.c; sourceTree = "<group>"; };
		BC93ECA11FA4F5F200AD7504 /* Index */ = {isa = PBXFileReference; explicitFileType = "compiled.mach-o.executable"; includeInIndex = 0; path = Index; sourceTree = BUILT_PRODUCTS_DIR; };
		BC93ECA41FA4F5F200AD7504 /* main.c */ = {isa = PBXFileReference; lastKnownFileType = sourcecode.c.c; path = main.c; sourceTree = "<group>"; };
		BC93ECA71FA4F5F200AD7504 /* Makefile */ = {isa = PBXFileReference; lastKnownFileType = sourcecode.make; path = Makefile; sourceTree = "<group>"; };
		BC93ECB91FA4F67400AD7504 /* pindefinitions.h */ = {isa = PBXFileReference; lastKnownFileType = sourcecode.c.h; path = pindefinitions.h; sourceTree = "<group>"; };
		BC93ECBA1FA4F91C00AD7504 /* global.h */ = {isa = PBXFileReference; lastKnownFileType = sourcecode.c.h; path = global.h; sourceTree = "<group>"; };
		BC93ECBB1FA4F98500AD7504 /* serial0.h */ = {isa = PBXFileReference; lastKnownFileType = sourcecode.c.h; path = serial0.h; sourceTree = "<group>"; };
		BC93ECBC1FA4F98500AD7504 /* serial0.c */ = {isa = PBXFileReference; lastKnownFileType = sourcecode.c.c; path = serial0.c; sourceTree = "<group>"; };
		BC93ECBE1FA4F9A700AD7504 /* menu.h */ = {isa = PBXFileReference; lastKnownFileType = sourcecode.c.h; path = menu.h; sourceTree = "<group>"; };
		BC93ECBF1FA4F9A700AD7504 /* menu.c */ = {isa = PBXFileReference; lastKnownFileType = sourcecode.c.c; path = menu.c; sourceTree = "<group>"; };
		BC93ECC31FA4FA0100AD7504 /* menu_data.h */ = {isa = PBXFileReference; lastKnownFileType = sourcecode.c.h; path = menu_data.h; sourceTree = "<group>"; };
		BC93ECC41FA4FA0100AD7504 /* menu_data.c */ = {isa = PBXFileReference; lastKnownFileType = sourcecode.c.c; path = menu_data.c; sourceTree = "<group>"; };
		BC93ECC61FA4FA1400AD7504 /* I2C.h */ = {isa = PBXFileReference; lastKnownFileType = sourcecode.c.h; path = I2C.h; sourceTree = "<group>"; };
		BC93ECC71FA4FA1400AD7504 /* I2C.c */ = {isa = PBXFileReference; lastKnownFileType = sourcecode.c.c; path = I2C.c; sourceTree = "<group>"; };
		BC93ECC91FA4FA3200AD7504 /* serial1.h */ = {isa = PBXFileReference; lastKnownFileType = sourcecode.c.h; path = serial1.h; sourceTree = "<group>"; };
		BC93ECCA1FA4FA3200AD7504 /* serial1.c */ = {isa = PBXFileReference; lastKnownFileType = sourcecode.c.c; path = serial1.c; sourceTree = "<group>"; };
		BC93ECCC1FA4FA5100AD7504 /* SPI.h */ = {isa = PBXFileReference; lastKnownFileType = sourcecode.c.h; path = SPI.h; sourceTree = "<group>"; };
		BC93ECCD1FA4FA5100AD7504 /* SPI.c */ = {isa = PBXFileReference; lastKnownFileType = sourcecode.c.c; path = SPI.c; sourceTree = "<group>"; };
		BC93ECD01FA4FA7E00AD7504 /* XBee.h */ = {isa = PBXFileReference; lastKnownFileType = sourcecode.c.h; path = XBee.h; sourceTree = "<group>"; };
		BC93ECD11FA4FA7E00AD7504 /* XBee.c */ = {isa = PBXFileReference; lastKnownFileType = sourcecode.c.c; path = XBee.c; sourceTree = "<group>"; };
		BC93ECD31FA4FC0700AD7504 /* MPL3115A2.h */ = {isa = PBXFileReference; lastKnownFileType = sourcecode.c.h; path = MPL3115A2.h; sourceTree = "<group>"; };
		BC93ECD41FA4FC0700AD7504 /* MPL3115A2.c */ = {isa = PBXFileReference; lastKnownFileType = sourcecode.c.c; path = MPL3115A2.c; sourceTree = "<group>"; };
		BC93ECD81FA4FC5300AD7504 /* ADXL343.h */ = {isa = PBXFileReference; lastKnownFileType = sourcecode.c.h; path = ADXL343.h; sourceTree = "<group>"; };
		BC93ECD91FA4FC5300AD7504 /* ADXL343.c */ = {isa = PBXFileReference; lastKnownFileType = sourcecode.c.c; path = ADXL343.c; sourceTree = "<group>"; };
		BC93ECDD1FA4FC7500AD7504 /* FXAS21002C.h */ = {isa = PBXFileReference; lastKnownFileType = sourcecode.c.h; path = FXAS21002C.h; sourceTree = "<group>"; };
		BC93ECDE1FA4FC7500AD7504 /* FXAS21002C.c */ = {isa = PBXFileReference; lastKnownFileType = sourcecode.c.c; path = FXAS21002C.c; sourceTree = "<group>"; };
		BC93ECE01FA4FC9700AD7504 /* FGPMMOPA6H.h */ = {isa = PBXFileReference; lastKnownFileType = sourcecode.c.h; path = FGPMMOPA6H.h; sourceTree = "<group>"; };
		BC93ECE11FA4FC9700AD7504 /* FGPMMOPA6H.c */ = {isa = PBXFileReference; lastKnownFileType = sourcecode.c.c; path = FGPMMOPA6H.c; sourceTree = "<group>"; };
		BCD115241FAD48AC00AC1997 /* Telemetry.h */ = {isa = PBXFileReference; lastKnownFileType = sourcecode.c.h; path = Telemetry.h; sourceTree = "<group>"; };
		BCD115251FAD48AC00AC1997 /* Telemetry.c */ = {isa = PBXFileReference; lastKnownFileType = sourcecode.c.c; path = Telemetry.c; sourceTree = "<group>"; };
		BCD1152A1FAD494B00AC1997 /* Radio.h */ = {isa = PBXFileReference; lastKnownFileType = sourcecode.c.h; path = Radio.h; sourceTree = "<group>"; };
		BCD1152B1FAD494B00AC1997 /* Radio.c */ = {isa = PBXFileReference; lastKnownFileType = sourcecode.c.c; path = Radio.c; sourceTree = "<group>"; };
		BCD1152D1FAD4A9300AC1997 /* MPL3115A2-Registers.h */ = {isa = PBXFileReference; lastKnownFileType = sourcecode.c.h; path = "MPL3115A2-Registers.h"; sourceTree = "<group>"; };
		BCD1152E1FAD4B0700AC1997 /* ADXL343-Registers.h */ = {isa = PBXFileReference; lastKnownFileType = sourcecode.c.h; path = "ADXL343-Registers.h"; sourceTree = "<group>"; };
		BCD1152F1FAD4BAA00AC1997 /* FXAS21002C-Registers.h */ = {isa = PBXFileReference; lastKnownFileType = sourcecode.c.h; path = "FXAS21002C-Registers.h"; sourceTree = "<group>"; };
/* End PBXFileReference section */

/* Begin PBXGroup section */
		BC933A151FAA8C4400476F3F /* EEPROM */ = {
			isa = PBXGroup;
			children = (
				BC933A191FAA8C7000476F3F /* 25LC1024.h */,
				BC933A1A1FAA8C7000476F3F /* 25LC1024.c */,
			);
			name = EEPROM;
			sourceTree = "<group>";
		};
		BC93EC961FA4F5F200AD7504 = {
			isa = PBXGroup;
			children = (
				BC93ECA31FA4F5F200AD7504 /* CU-in-Space-2018-Avionics-Software */,
				BC93ECA21FA4F5F200AD7504 /* Products */,
			);
			sourceTree = "<group>";
		};
		BC93ECA21FA4F5F200AD7504 /* Products */ = {
			isa = PBXGroup;
			children = (
				BC93ECA11FA4F5F200AD7504 /* Index */,
			);
			name = Products;
			sourceTree = "<group>";
		};
		BC93ECA31FA4F5F200AD7504 /* CU-in-Space-2018-Avionics-Software */ = {
			isa = PBXGroup;
			children = (
				BC93ECBA1FA4F91C00AD7504 /* global.h */,
				BC93ECB91FA4F67400AD7504 /* pindefinitions.h */,
				BC93ECA41FA4F5F200AD7504 /* main.c */,
				BCD115231FAD489A00AC1997 /* Application */,
				BC93ECC11FA4F9BC00AD7504 /* IO */,
				BC93ECC21FA4F9CA00AD7504 /* Debug */,
				BC93ECCF1FA4FA6B00AD7504 /* Radio */,
				BC93ECD71FA4FC1A00AD7504 /* Sensors */,
				BC933A151FAA8C4400476F3F /* EEPROM */,
				BC93ECA61FA4F5F200AD7504 /* Makefiles */,
			);
			path = "CU-in-Space-2018-Avionics-Software";
			sourceTree = "<group>";
		};
		BC93ECA61FA4F5F200AD7504 /* Makefiles */ = {
			isa = PBXGroup;
			children = (
				BC93ECA71FA4F5F200AD7504 /* Makefile */,
			);
			name = Makefiles;
			sourceTree = "<group>";
		};
		BC93ECC11FA4F9BC00AD7504 /* IO */ = {
			isa = PBXGroup;
			children = (
				BC93ECBB1FA4F98500AD7504 /* serial0.h */,
				BC93ECBC1FA4F98500AD7504 /* serial0.c */,
				BC93ECC91FA4FA3200AD7504 /* serial1.h */,
				BC93ECCA1FA4FA3200AD7504 /* serial1.c */,
				BC93ECC61FA4FA1400AD7504 /* I2C.h */,
				BC93ECC71FA4FA1400AD7504 /* I2C.c */,
				BC93ECCC1FA4FA5100AD7504 /* SPI.h */,
				BC93ECCD1FA4FA5100AD7504 /* SPI.c */,
				BC588CAC1FA9261D003E8C15 /* ADC.h */,
				BC588CAD1FA9261D003E8C15 /* ADC.c */,
			);
			name = IO;
			sourceTree = "<group>";
		};
		BC93ECC21FA4F9CA00AD7504 /* Debug */ = {
			isa = PBXGroup;
			children = (
				BC93ECBE1FA4F9A700AD7504 /* menu.h */,
				BC93ECBF1FA4F9A700AD7504 /* menu.c */,
				BC93ECC31FA4FA0100AD7504 /* menu_data.h */,
				BC93ECC41FA4FA0100AD7504 /* menu_data.c */,
			);
			name = Debug;
			sourceTree = "<group>";
		};
		BC93ECCF1FA4FA6B00AD7504 /* Radio */ = {
			isa = PBXGroup;
			children = (
				BCD1152A1FAD494B00AC1997 /* Radio.h */,
				BCD1152B1FAD494B00AC1997 /* Radio.c */,
				BC93ECD01FA4FA7E00AD7504 /* XBee.h */,
				BC93ECD11FA4FA7E00AD7504 /* XBee.c */,
			);
			name = Radio;
			sourceTree = "<group>";
		};
		BC93ECD71FA4FC1A00AD7504 /* Sensors */ = {
			isa = PBXGroup;
			children = (
				BCD1152D1FAD4A9300AC1997 /* MPL3115A2-Registers.h */,
				BC93ECD31FA4FC0700AD7504 /* MPL3115A2.h */,
				BC93ECD41FA4FC0700AD7504 /* MPL3115A2.c */,
				BCD1152E1FAD4B0700AC1997 /* ADXL343-Registers.h */,
				BC93ECD81FA4FC5300AD7504 /* ADXL343.h */,
				BC93ECD91FA4FC5300AD7504 /* ADXL343.c */,
				BCD1152F1FAD4BAA00AC1997 /* FXAS21002C-Registers.h */,
				BC93ECDD1FA4FC7500AD7504 /* FXAS21002C.h */,
				BC93ECDE1FA4FC7500AD7504 /* FXAS21002C.c */,
				BC93ECE01FA4FC9700AD7504 /* FGPMMOPA6H.h */,
				BC93ECE11FA4FC9700AD7504 /* FGPMMOPA6H.c */,
			);
			name = Sensors;
			sourceTree = "<group>";
		};
		BCD115231FAD489A00AC1997 /* Application */ = {
			isa = PBXGroup;
			children = (
				BCD115241FAD48AC00AC1997 /* Telemetry.h */,
				BCD115251FAD48AC00AC1997 /* Telemetry.c */,
			);
			name = Application;
			sourceTree = "<group>";
		};
/* End PBXGroup section */

/* Begin PBXLegacyTarget section */
		BC93EC9B1FA4F5F200AD7504 /* All */ = {
			isa = PBXLegacyTarget;
			buildArgumentsString = "all -C \"$(PROJECT)\"";
			buildConfigurationList = BC93ECAA1FA4F5F200AD7504 /* Build configuration list for PBXLegacyTarget "All" */;
			buildPhases = (
			);
			buildToolPath = make;
			dependencies = (
			);
			name = All;
			passBuildSettingsInEnvironment = 1;
			productName = All;
		};
		BC93EC9C1FA4F5F200AD7504 /* Build */ = {
			isa = PBXLegacyTarget;
			buildArgumentsString = "build -C \"$(PROJECT)\"";
			buildConfigurationList = BC93ECAD1FA4F5F200AD7504 /* Build configuration list for PBXLegacyTarget "Build" */;
			buildPhases = (
			);
			buildToolPath = make;
			dependencies = (
			);
			name = Build;
			passBuildSettingsInEnvironment = 1;
			productName = Build;
		};
		BC93EC9D1FA4F5F200AD7504 /* Upload */ = {
			isa = PBXLegacyTarget;
			buildArgumentsString = "program -C \"$(PROJECT)\"";
			buildConfigurationList = BC93ECB01FA4F5F200AD7504 /* Build configuration list for PBXLegacyTarget "Upload" */;
			buildPhases = (
			);
			buildToolPath = make;
			dependencies = (
			);
			name = Upload;
			passBuildSettingsInEnvironment = 1;
			productName = Upload;
		};
		BC93EC9E1FA4F5F200AD7504 /* Clean */ = {
			isa = PBXLegacyTarget;
			buildArgumentsString = "clean -C \"$(PROJECT)\"";
			buildConfigurationList = BC93ECB31FA4F5F200AD7504 /* Build configuration list for PBXLegacyTarget "Clean" */;
			buildPhases = (
			);
			buildToolPath = make;
			dependencies = (
			);
			name = Clean;
			passBuildSettingsInEnvironment = 1;
			productName = Clean;
		};
/* End PBXLegacyTarget section */

/* Begin PBXNativeTarget section */
		BC93ECA01FA4F5F200AD7504 /* Index */ = {
			isa = PBXNativeTarget;
			buildConfigurationList = BC93ECB61FA4F5F200AD7504 /* Build configuration list for PBXNativeTarget "Index" */;
			buildPhases = (
				BC93EC9F1FA4F5F200AD7504 /* Sources */,
			);
			buildRules = (
			);
			dependencies = (
			);
			name = Index;
			productName = Index;
			productReference = BC93ECA11FA4F5F200AD7504 /* Index */;
			productType = "com.apple.product-type.tool";
		};
/* End PBXNativeTarget section */

/* Begin PBXProject section */
		BC93EC971FA4F5F200AD7504 /* Project object */ = {
			isa = PBXProject;
			attributes = {
				LastUpgradeCheck = 0900;
				ORGANIZATIONNAME = "Samuel Dewan";
				TargetAttributes = {
					BC93EC9B1FA4F5F200AD7504 = {
						CreatedOnToolsVersion = 9.0.1;
						ProvisioningStyle = Automatic;
					};
					BC93EC9C1FA4F5F200AD7504 = {
						CreatedOnToolsVersion = 9.0.1;
						ProvisioningStyle = Automatic;
					};
					BC93EC9D1FA4F5F200AD7504 = {
						CreatedOnToolsVersion = 9.0.1;
						ProvisioningStyle = Automatic;
					};
					BC93EC9E1FA4F5F200AD7504 = {
						CreatedOnToolsVersion = 9.0.1;
						ProvisioningStyle = Automatic;
					};
					BC93ECA01FA4F5F200AD7504 = {
						CreatedOnToolsVersion = 9.0.1;
						ProvisioningStyle = Automatic;
					};
				};
			};
			buildConfigurationList = BC93EC9A1FA4F5F200AD7504 /* Build configuration list for PBXProject "CU-in-Space-2018-Avionics-Software" */;
			compatibilityVersion = "Xcode 8.0";
			developmentRegion = en;
			hasScannedForEncodings = 0;
			knownRegions = (
				en,
			);
			mainGroup = BC93EC961FA4F5F200AD7504;
			productRefGroup = BC93ECA21FA4F5F200AD7504 /* Products */;
			projectDirPath = "";
			projectRoot = "";
			targets = (
				BC93EC9B1FA4F5F200AD7504 /* All */,
				BC93EC9C1FA4F5F200AD7504 /* Build */,
				BC93EC9D1FA4F5F200AD7504 /* Upload */,
				BC93EC9E1FA4F5F200AD7504 /* Clean */,
				BC93ECA01FA4F5F200AD7504 /* Index */,
			);
		};
/* End PBXProject section */

/* Begin PBXSourcesBuildPhase section */
		BC93EC9F1FA4F5F200AD7504 /* Sources */ = {
			isa = PBXSourcesBuildPhase;
			buildActionMask = 2147483647;
			files = (
				BC93ECDF1FA4FC7500AD7504 /* FXAS21002C.c in Sources */,
				BC93ECA51FA4F5F200AD7504 /* main.c in Sources */,
				BC93ECE21FA4FC9700AD7504 /* FGPMMOPA6H.c in Sources */,
				BC93ECCB1FA4FA3200AD7504 /* serial1.c in Sources */,
				BC93ECCE1FA4FA5100AD7504 /* SPI.c in Sources */,
				BC93ECD51FA4FC0700AD7504 /* MPL3115A2.c in Sources */,
				BC93ECD21FA4FA7E00AD7504 /* XBee.c in Sources */,
				BCD1152C1FAD494B00AC1997 /* Radio.c in Sources */,
				BC588CAE1FA9261D003E8C15 /* ADC.c in Sources */,
				BC93ECC81FA4FA1400AD7504 /* I2C.c in Sources */,
				BC933A1B1FAA8C7000476F3F /* 25LC1024.c in Sources */,
				BCD115261FAD48AC00AC1997 /* Telemetry.c in Sources */,
				BC93ECBD1FA4F98500AD7504 /* serial0.c in Sources */,
				BC93ECC51FA4FA0100AD7504 /* menu_data.c in Sources */,
				BC93ECC01FA4F9A700AD7504 /* menu.c in Sources */,
				BC93ECDA1FA4FC5300AD7504 /* ADXL343.c in Sources */,
			);
			runOnlyForDeploymentPostprocessing = 0;
		};
/* End PBXSourcesBuildPhase section */

/* Begin XCBuildConfiguration section */
		BC93ECA81FA4F5F200AD7504 /* Debug */ = {
			isa = XCBuildConfiguration;
			buildSettings = {
				ALWAYS_SEARCH_USER_PATHS = NO;
				CLANG_ANALYZER_NONNULL = YES;
				CLANG_ANALYZER_NUMBER_OBJECT_CONVERSION = YES_AGGRESSIVE;
				CLANG_CXX_LANGUAGE_STANDARD = "gnu++14";
				CLANG_CXX_LIBRARY = "libc++";
				CLANG_ENABLE_MODULES = YES;
				CLANG_ENABLE_OBJC_ARC = YES;
				CLANG_WARN_BLOCK_CAPTURE_AUTORELEASING = YES;
				CLANG_WARN_BOOL_CONVERSION = YES;
				CLANG_WARN_COMMA = YES;
				CLANG_WARN_CONSTANT_CONVERSION = YES;
				CLANG_WARN_DIRECT_OBJC_ISA_USAGE = YES_ERROR;
				CLANG_WARN_DOCUMENTATION_COMMENTS = YES;
				CLANG_WARN_EMPTY_BODY = YES;
				CLANG_WARN_ENUM_CONVERSION = YES;
				CLANG_WARN_INFINITE_RECURSION = YES;
				CLANG_WARN_INT_CONVERSION = YES;
				CLANG_WARN_NON_LITERAL_NULL_CONVERSION = YES;
				CLANG_WARN_OBJC_LITERAL_CONVERSION = YES;
				CLANG_WARN_OBJC_ROOT_CLASS = YES_ERROR;
				CLANG_WARN_RANGE_LOOP_ANALYSIS = YES;
				CLANG_WARN_STRICT_PROTOTYPES = YES;
				CLANG_WARN_SUSPICIOUS_MOVE = YES;
				CLANG_WARN_UNGUARDED_AVAILABILITY = YES_AGGRESSIVE;
				CLANG_WARN_UNREACHABLE_CODE = YES;
				CLANG_WARN__DUPLICATE_METHOD_MATCH = YES;
				COPY_PHASE_STRIP = NO;
				DEBUG_INFORMATION_FORMAT = dwarf;
				ENABLE_STRICT_OBJC_MSGSEND = YES;
				ENABLE_TESTABILITY = YES;
				GCC_C_LANGUAGE_STANDARD = gnu11;
				GCC_DYNAMIC_NO_PIC = NO;
				GCC_NO_COMMON_BLOCKS = YES;
				GCC_OPTIMIZATION_LEVEL = 0;
				GCC_PREPROCESSOR_DEFINITIONS = (
					"DEBUG=1,",
					"__AVR_ATmega1284P__,",
					"F_CPU=12000000",
				);
				GCC_WARN_64_TO_32_BIT_CONVERSION = YES;
				GCC_WARN_ABOUT_RETURN_TYPE = YES_ERROR;
				GCC_WARN_UNDECLARED_SELECTOR = YES;
				GCC_WARN_UNINITIALIZED_AUTOS = YES_AGGRESSIVE;
				GCC_WARN_UNUSED_FUNCTION = YES;
				GCC_WARN_UNUSED_VARIABLE = YES;
				HEADER_SEARCH_PATHS = (
					/opt/local/lib/gcc/avr/4.9.1/include,
					"/opt/local/lib/gcc/avr/4.9.1/include-fixed",
					/opt/local/avr/include,
				);
				MTL_ENABLE_DEBUG_INFO = YES;
				ONLY_ACTIVE_ARCH = YES;
				PATH = "$(PATH):$(PROJECT_DIR)";
				PRODUCT_NAME = "$(TARGET_NAME)";
			};
			name = Debug;
		};
		BC93ECA91FA4F5F200AD7504 /* Release */ = {
			isa = XCBuildConfiguration;
			buildSettings = {
				ALWAYS_SEARCH_USER_PATHS = NO;
				CLANG_ANALYZER_NONNULL = YES;
				CLANG_ANALYZER_NUMBER_OBJECT_CONVERSION = YES_AGGRESSIVE;
				CLANG_CXX_LANGUAGE_STANDARD = "gnu++14";
				CLANG_CXX_LIBRARY = "libc++";
				CLANG_ENABLE_MODULES = YES;
				CLANG_ENABLE_OBJC_ARC = YES;
				CLANG_WARN_BLOCK_CAPTURE_AUTORELEASING = YES;
				CLANG_WARN_BOOL_CONVERSION = YES;
				CLANG_WARN_COMMA = YES;
				CLANG_WARN_CONSTANT_CONVERSION = YES;
				CLANG_WARN_DIRECT_OBJC_ISA_USAGE = YES_ERROR;
				CLANG_WARN_DOCUMENTATION_COMMENTS = YES;
				CLANG_WARN_EMPTY_BODY = YES;
				CLANG_WARN_ENUM_CONVERSION = YES;
				CLANG_WARN_INFINITE_RECURSION = YES;
				CLANG_WARN_INT_CONVERSION = YES;
				CLANG_WARN_NON_LITERAL_NULL_CONVERSION = YES;
				CLANG_WARN_OBJC_LITERAL_CONVERSION = YES;
				CLANG_WARN_OBJC_ROOT_CLASS = YES_ERROR;
				CLANG_WARN_RANGE_LOOP_ANALYSIS = YES;
				CLANG_WARN_STRICT_PROTOTYPES = YES;
				CLANG_WARN_SUSPICIOUS_MOVE = YES;
				CLANG_WARN_UNGUARDED_AVAILABILITY = YES_AGGRESSIVE;
				CLANG_WARN_UNREACHABLE_CODE = YES;
				CLANG_WARN__DUPLICATE_METHOD_MATCH = YES;
				COPY_PHASE_STRIP = NO;
				DEBUG_INFORMATION_FORMAT = "dwarf-with-dsym";
				ENABLE_NS_ASSERTIONS = NO;
				ENABLE_STRICT_OBJC_MSGSEND = YES;
				GCC_C_LANGUAGE_STANDARD = gnu11;
				GCC_NO_COMMON_BLOCKS = YES;
				GCC_PREPROCESSOR_DEFINITIONS = (
					"__AVR_ATmega1284P__,",
					"F_CPU=12000000",
				);
				GCC_WARN_64_TO_32_BIT_CONVERSION = YES;
				GCC_WARN_ABOUT_RETURN_TYPE = YES_ERROR;
				GCC_WARN_UNDECLARED_SELECTOR = YES;
				GCC_WARN_UNINITIALIZED_AUTOS = YES_AGGRESSIVE;
				GCC_WARN_UNUSED_FUNCTION = YES;
				GCC_WARN_UNUSED_VARIABLE = YES;
				HEADER_SEARCH_PATHS = (
					/opt/local/lib/gcc/avr/4.9.1/include,
					"/opt/local/lib/gcc/avr/4.9.1/include-fixed",
					/opt/local/avr/include,
				);
				MTL_ENABLE_DEBUG_INFO = NO;
				PATH = "$(PATH):$(PROJECT_DIR)";
				PRODUCT_NAME = "$(TARGET_NAME)";
			};
			name = Release;
		};
		BC93ECAB1FA4F5F200AD7504 /* Debug */ = {
			isa = XCBuildConfiguration;
			buildSettings = {
				CODE_SIGN_STYLE = Automatic;
				DEVELOPMENT_TEAM = 9A8JKZZ857;
				PRODUCT_NAME = "$(TARGET_NAME)";
			};
			name = Debug;
		};
		BC93ECAC1FA4F5F200AD7504 /* Release */ = {
			isa = XCBuildConfiguration;
			buildSettings = {
				CODE_SIGN_STYLE = Automatic;
				DEVELOPMENT_TEAM = 9A8JKZZ857;
				PRODUCT_NAME = "$(TARGET_NAME)";
			};
			name = Release;
		};
		BC93ECAE1FA4F5F200AD7504 /* Debug */ = {
			isa = XCBuildConfiguration;
			buildSettings = {
				CODE_SIGN_STYLE = Automatic;
				DEVELOPMENT_TEAM = 9A8JKZZ857;
			};
			name = Debug;
		};
		BC93ECAF1FA4F5F200AD7504 /* Release */ = {
			isa = XCBuildConfiguration;
			buildSettings = {
				CODE_SIGN_STYLE = Automatic;
				DEVELOPMENT_TEAM = 9A8JKZZ857;
			};
			name = Release;
		};
		BC93ECB11FA4F5F200AD7504 /* Debug */ = {
			isa = XCBuildConfiguration;
			buildSettings = {
				CODE_SIGN_STYLE = Automatic;
				DEVELOPMENT_TEAM = 9A8JKZZ857;
			};
			name = Debug;
		};
		BC93ECB21FA4F5F200AD7504 /* Release */ = {
			isa = XCBuildConfiguration;
			buildSettings = {
				CODE_SIGN_STYLE = Automatic;
				DEVELOPMENT_TEAM = 9A8JKZZ857;
			};
			name = Release;
		};
		BC93ECB41FA4F5F200AD7504 /* Debug */ = {
			isa = XCBuildConfiguration;
			buildSettings = {
				CODE_SIGN_STYLE = Automatic;
				DEVELOPMENT_TEAM = 9A8JKZZ857;
			};
			name = Debug;
		};
		BC93ECB51FA4F5F200AD7504 /* Release */ = {
			isa = XCBuildConfiguration;
			buildSettings = {
				CODE_SIGN_STYLE = Automatic;
				DEVELOPMENT_TEAM = 9A8JKZZ857;
			};
			name = Release;
		};
		BC93ECB71FA4F5F200AD7504 /* Debug */ = {
			isa = XCBuildConfiguration;
			buildSettings = {
				CODE_SIGN_STYLE = Automatic;
				DEVELOPMENT_TEAM = 9A8JKZZ857;
			};
			name = Debug;
		};
		BC93ECB81FA4F5F200AD7504 /* Release */ = {
			isa = XCBuildConfiguration;
			buildSettings = {
				CODE_SIGN_STYLE = Automatic;
				DEVELOPMENT_TEAM = 9A8JKZZ857;
			};
			name = Release;
		};
/* End XCBuildConfiguration section */

/* Begin XCConfigurationList section */
		BC93EC9A1FA4F5F200AD7504 /* Build configuration list for PBXProject "CU-in-Space-2018-Avionics-Software" */ = {
			isa = XCConfigurationList;
			buildConfigurations = (
				BC93ECA81FA4F5F200AD7504 /* Debug */,
				BC93ECA91FA4F5F200AD7504 /* Release */,
			);
			defaultConfigurationIsVisible = 0;
			defaultConfigurationName = Release;
		};
		BC93ECAA1FA4F5F200AD7504 /* Build configuration list for PBXLegacyTarget "All" */ = {
			isa = XCConfigurationList;
			buildConfigurations = (
				BC93ECAB1FA4F5F200AD7504 /* Debug */,
				BC93ECAC1FA4F5F200AD7504 /* Release */,
			);
			defaultConfigurationIsVisible = 0;
			defaultConfigurationName = Release;
		};
		BC93ECAD1FA4F5F200AD7504 /* Build configuration list for PBXLegacyTarget "Build" */ = {
			isa = XCConfigurationList;
			buildConfigurations = (
				BC93ECAE1FA4F5F200AD7504 /* Debug */,
				BC93ECAF1FA4F5F200AD7504 /* Release */,
			);
			defaultConfigurationIsVisible = 0;
			defaultConfigurationName = Release;
		};
		BC93ECB01FA4F5F200AD7504 /* Build configuration list for PBXLegacyTarget "Upload" */ = {
			isa = XCConfigurationList;
			buildConfigurations = (
				BC93ECB11FA4F5F200AD7504 /* Debug */,
				BC93ECB21FA4F5F200AD7504 /* Release */,
			);
			defaultConfigurationIsVisible = 0;
			defaultConfigurationName = Release;
		};
		BC93ECB31FA4F5F200AD7504 /* Build configuration list for PBXLegacyTarget "Clean" */ = {
			isa = XCConfigurationList;
			buildConfigurations = (
				BC93ECB41FA4F5F200AD7504 /* Debug */,
				BC93ECB51FA4F5F200AD7504 /* Release */,
			);
			defaultConfigurationIsVisible = 0;
			defaultConfigurationName = Release;
		};
		BC93ECB61FA4F5F200AD7504 /* Build configuration list for PBXNativeTarget "Index" */ = {
			isa = XCConfigurationList;
			buildConfigurations = (
				BC93ECB71FA4F5F200AD7504 /* Debug */,
				BC93ECB81FA4F5F200AD7504 /* Release */,
			);
			defaultConfigurationIsVisible = 0;
			defaultConfigurationName = Release;
		};
/* End XCConfigurationList section */
	};
	rootObject = BC93EC971FA4F5F200AD7504 /* Project object */;
}
